{
    "_readme": [
        "This file locks the dependencies of your project to a known state",
        "Read more about it at https://getcomposer.org/doc/01-basic-usage.md#installing-dependencies",
        "This file is @generated automatically"
    ],
    "content-hash": "c53421bcc984035839ea24ec79d77931",
    "packages": [
        {
            "name": "dibi/dibi",
            "version": "v5.1.0",
            "source": {
                "type": "git",
                "url": "https://github.com/dg/dibi.git",
                "reference": "32b6976209859f61eb79380c5a8904ea33db47df"
            },
            "dist": {
                "type": "zip",
                "url": "https://api.github.com/repos/dg/dibi/zipball/32b6976209859f61eb79380c5a8904ea33db47df",
                "reference": "32b6976209859f61eb79380c5a8904ea33db47df",
                "shasum": ""
            },
            "require": {
                "php": "8.2 - 8.5"
            },
            "replace": {
                "dg/dibi": "*"
            },
            "require-dev": {
                "jetbrains/phpstorm-attributes": "^1.0",
                "nette/di": "^3.1",
                "nette/tester": "^2.5",
                "phpstan/phpstan-nette": "^2.0@stable",
                "tracy/tracy": "^2.9"
            },
            "type": "library",
            "extra": {
                "branch-alias": {
                    "dev-master": "5.1-dev"
                }
            },
            "autoload": {
                "psr-4": {
                    "Dibi\\": "src/Dibi"
                },
                "classmap": [
                    "src/"
                ]
            },
            "notification-url": "https://packagist.org/downloads/",
            "license": [
                "BSD-3-Clause",
                "GPL-2.0-only",
                "GPL-3.0-only"
            ],
            "authors": [
                {
                    "name": "David Grudl",
                    "homepage": "https://davidgrudl.com"
                }
            ],
            "description": "Dibi is Database Abstraction Library for PHP",
            "homepage": "https://dibiphp.com",
            "keywords": [
                "access",
                "database",
                "dbal",
                "mssql",
                "mysql",
                "odbc",
                "oracle",
                "pdo",
                "postgresql",
                "sqlite",
                "sqlsrv"
            ],
            "support": {
                "issues": "https://github.com/dg/dibi/issues",
                "source": "https://github.com/dg/dibi/tree/v5.1.0"
            },
            "time": "2025-08-06T22:26:19+00:00"
        },
        {
            "name": "doomy/entitycache",
            "version": "1.0.0",
            "source": {
                "type": "git",
                "url": "https://github.com/doomy/EntityCache.git",
                "reference": "05f9b31986db17c697d30d6a21833ccf5deb55b0"
            },
            "dist": {
                "type": "zip",
                "url": "https://api.github.com/repos/doomy/EntityCache/zipball/05f9b31986db17c697d30d6a21833ccf5deb55b0",
                "reference": "05f9b31986db17c697d30d6a21833ccf5deb55b0",
                "shasum": ""
            },
            "require": {
                "dibi/dibi": "*",
                "php": ">= 5.6"
            },
            "type": "library",
            "autoload": {
                "classmap": [
                    "src/"
                ]
            },
            "notification-url": "https://packagist.org/downloads/",
            "support": {
                "issues": "https://github.com/doomy/EntityCache/issues",
                "source": "https://github.com/doomy/EntityCache/tree/1.0.0"
            },
            "time": "2018-02-17T09:02:43+00:00"
        },
        {
            "name": "doomy/ormtopus",
            "version": "5.3",
            "source": {
                "type": "git",
                "url": "https://github.com/doomy/ormtopus.git",
                "reference": "7995e5a94aacb126dbde479934ee9972b8bcc3de"
            },
            "dist": {
                "type": "zip",
                "url": "https://api.github.com/repos/doomy/ormtopus/zipball/7995e5a94aacb126dbde479934ee9972b8bcc3de",
                "reference": "7995e5a94aacb126dbde479934ee9972b8bcc3de",
                "shasum": ""
            },
            "require": {
                "dibi/dibi": "*",
                "doomy/entitycache": ">= 1.0.0",
                "doomy/repository": "^8.4",
                "php": "^8.3"
            },
            "require-dev": {
                "doomy/testing": "^1.0.2",
                "phpstan/phpstan": "^1.11",
                "phpunit/phpunit": "^11.2",
                "symplify/easy-coding-standard": "^12.3"
            },
            "type": "library",
            "autoload": {
                "psr-4": {
                    "Doomy\\Ormtopus\\\\Tests\\": "tests/"
                },
                "classmap": [
                    "src/"
                ]
            },
            "notification-url": "https://packagist.org/downloads/",
            "support": {
                "issues": "https://github.com/doomy/ormtopus/issues",
                "source": "https://github.com/doomy/ormtopus/tree/5.3"
            },
            "time": "2025-01-05T20:10:26+00:00"
        },
        {
            "name": "doomy/repository",
            "version": "8.4",
            "source": {
                "type": "git",
                "url": "https://github.com/doomy/repository.git",
                "reference": "3a7e556d914b3658ab17c7f2c528fb2db1778e56"
            },
            "dist": {
                "type": "zip",
                "url": "https://api.github.com/repos/doomy/repository/zipball/3a7e556d914b3658ab17c7f2c528fb2db1778e56",
                "reference": "3a7e556d914b3658ab17c7f2c528fb2db1778e56",
                "shasum": ""
            },
            "require": {
                "dibi/dibi": "^5.0",
                "doomy/stringtools": "^2.0.0",
                "php": ">=8.3"
            },
            "require-dev": {
                "doomy/testing": "^2.1",
                "phpstan/phpstan": "^1.11",
                "phpunit/phpunit": "^11.2",
                "symplify/easy-coding-standard": "^12.3"
            },
            "type": "library",
            "autoload": {
                "psr-4": {
                    "Doomy\\Repository\\Tests\\": "tests/"
                },
                "classmap": [
                    "src/"
                ]
            },
            "notification-url": "https://packagist.org/downloads/",
            "license": [
                "MIT"
            ],
            "description": "simple data model framework for dataprovider service",
            "support": {
                "issues": "https://github.com/doomy/repository/issues",
                "source": "https://github.com/doomy/repository/tree/8.4"
            },
            "time": "2025-01-05T19:51:42+00:00"
        },
        {
            "name": "doomy/stringtools",
            "version": "2.3.0",
            "source": {
                "type": "git",
                "url": "https://github.com/doomy/stringtools.git",
                "reference": "e0c699b0b89dddca967dfaa8af9bcae64201ffb6"
            },
            "dist": {
                "type": "zip",
                "url": "https://api.github.com/repos/doomy/stringtools/zipball/e0c699b0b89dddca967dfaa8af9bcae64201ffb6",
                "reference": "e0c699b0b89dddca967dfaa8af9bcae64201ffb6",
                "shasum": ""
            },
            "require": {
                "ext-json": "*",
                "php": ">= 7.1"
            },
            "type": "library",
            "autoload": {
                "classmap": [
                    "src/"
                ]
            },
            "notification-url": "https://packagist.org/downloads/",
            "license": [
                "MIT"
            ],
            "description": "Simple helper library for various string operations",
            "support": {
                "issues": "https://github.com/doomy/stringtools/issues",
                "source": "https://github.com/doomy/stringtools/tree/2.3.0"
            },
            "time": "2023-08-18T09:34:52+00:00"
        },
        {
            "name": "nette/utils",
            "version": "v3.1.3",
            "source": {
                "type": "git",
                "url": "https://github.com/nette/utils.git",
                "reference": "c09937fbb24987b2a41c6022ebe84f4f1b8eec0f"
            },
            "dist": {
                "type": "zip",
                "url": "https://api.github.com/repos/nette/utils/zipball/c09937fbb24987b2a41c6022ebe84f4f1b8eec0f",
                "reference": "c09937fbb24987b2a41c6022ebe84f4f1b8eec0f",
                "shasum": ""
            },
            "require": {
                "php": ">=7.1"
            },
            "require-dev": {
                "nette/tester": "~2.0",
                "phpstan/phpstan": "^0.12",
                "tracy/tracy": "^2.3"
            },
            "suggest": {
                "ext-gd": "to use Image",
                "ext-iconv": "to use Strings::webalize(), toAscii(), chr() and reverse()",
                "ext-intl": "to use Strings::webalize(), toAscii(), normalize() and compare()",
                "ext-json": "to use Nette\\Utils\\Json",
                "ext-mbstring": "to use Strings::lower() etc...",
                "ext-tokenizer": "to use Nette\\Utils\\Reflection::getUseStatements()",
                "ext-xml": "to use Strings::length() etc. when mbstring is not available"
            },
            "type": "library",
            "extra": {
                "branch-alias": {
                    "dev-master": "3.1-dev"
                }
            },
            "autoload": {
                "classmap": [
                    "src/"
                ]
            },
            "notification-url": "https://packagist.org/downloads/",
            "license": [
                "BSD-3-Clause",
                "GPL-2.0-only",
                "GPL-3.0-only"
            ],
            "authors": [
                {
                    "name": "David Grudl",
                    "homepage": "https://davidgrudl.com"
                },
                {
                    "name": "Nette Community",
                    "homepage": "https://nette.org/contributors"
                }
            ],
            "description": "🛠 Nette Utils: lightweight utilities for string & array manipulation, image handling, safe JSON encoding/decoding, validation, slug or strong password generating etc.",
            "homepage": "https://nette.org",
            "keywords": [
                "array",
                "core",
                "datetime",
                "images",
                "json",
                "nette",
                "paginator",
                "password",
                "slugify",
                "string",
                "unicode",
                "utf-8",
                "utility",
                "validation"
            ],
            "time": "2020-08-07T10:34:21+00:00"
        }
    ],
    "packages-dev": [],
    "aliases": [],
    "minimum-stability": "stable",
    "stability-flags": {},
    "prefer-stable": false,
    "prefer-lowest": false,
    "platform": {
        "php": ">= 8.3"
    },
    "platform-dev": {},
    "plugin-api-version": "2.6.0"
}
